
Microsoft Visual Studio Solution File, Format Version 12.00
# Visual Studio 15
VisualStudioVersion = 15.0.28307.271
MinimumVisualStudioVersion = 10.0.40219.1
Project("{9A19103F-16F7-4668-BE54-9A1E7A4F7556}") = "WebAPITest", "WebAPITest\WebAPITest.csproj", "{B1FB44CC-96A5-40C8-B2F3-328B585694C9}"
EndProject
Project("{FAE04EC0-301F-11D3-BF4B-00C04F79EFBC}") = "Babai.Angular", "Angular\Babai.Angular.csproj", "{A93136DF-F48E-43D8-A13B-29A0F27334E5}"
EndProject
Project("{9A19103F-16F7-4668-BE54-9A1E7A4F7556}") = "Babai.CustomMiddleware", "EmptyCore\Babai.CustomMiddleware.csproj", "{DAED071A-8E6D-48DA-8C8A-4B6777BA2FDC}"
EndProject
Project("{9A19103F-16F7-4668-BE54-9A1E7A4F7556}") = "Babai.EntityFramework", "Babai.EntityFramework\Babai.EntityFramework.csproj", "{6450CFA7-41C2-40DA-BE78-BED4E7004A4D}"
EndProject
Project("{9A19103F-16F7-4668-BE54-9A1E7A4F7556}") = "Babai.Filters", "Babai.Filters\Babai.Filters.csproj", "{EF02C4C8-1852-42E1-9AEC-6CCD28644FB0}"
EndProject
Project("{9A19103F-16F7-4668-BE54-9A1E7A4F7556}") = "Babai.Authorization", "Babai.Authorization\Babai.Authorization.csproj", "{FF9F73BC-55B8-46CF-9C71-6FF0253ED808}"
EndProject
Project("{FAE04EC0-301F-11D3-BF4B-00C04F79EFBC}") = "Babai.Web.Api.Authorization", "Babai.Web.Api.Authorization\Babai.Web.Api.Authorization.csproj", "{2A06DCE2-2260-42A4-8534-F3D3131D3712}"
EndProject
Project("{FAE04EC0-301F-11D3-BF4B-00C04F79EFBC}") = "Babai.AspNetCoreIdentity", "Babai.AspNetCoreIdentity\Babai.AspNetCoreIdentity.csproj", "{89F821E1-E335-41C9-92FA-3E6C483165B7}"
EndProject
Global
	GlobalSection(SolutionConfigurationPlatforms) = preSolution
		Debug|Any CPU = Debug|Any CPU
		Release|Any CPU = Release|Any CPU
	EndGlobalSection
	GlobalSection(ProjectConfigurationPlatforms) = postSolution
		{B1FB44CC-96A5-40C8-B2F3-328B585694C9}.Debug|Any CPU.ActiveCfg = Debug|Any CPU
		{B1FB44CC-96A5-40C8-B2F3-328B585694C9}.Debug|Any CPU.Build.0 = Debug|Any CPU
		{B1FB44CC-96A5-40C8-B2F3-328B585694C9}.Release|Any CPU.ActiveCfg = Release|Any CPU
		{B1FB44CC-96A5-40C8-B2F3-328B585694C9}.Release|Any CPU.Build.0 = Release|Any CPU
		{A93136DF-F48E-43D8-A13B-29A0F27334E5}.Debug|Any CPU.ActiveCfg = Debug|Any CPU
		{A93136DF-F48E-43D8-A13B-29A0F27334E5}.Debug|Any CPU.Build.0 = Debug|Any CPU
		{A93136DF-F48E-43D8-A13B-29A0F27334E5}.Release|Any CPU.ActiveCfg = Release|Any CPU
		{A93136DF-F48E-43D8-A13B-29A0F27334E5}.Release|Any CPU.Build.0 = Release|Any CPU
		{DAED071A-8E6D-48DA-8C8A-4B6777BA2FDC}.Debug|Any CPU.ActiveCfg = Debug|Any CPU
		{DAED071A-8E6D-48DA-8C8A-4B6777BA2FDC}.Debug|Any CPU.Build.0 = Debug|Any CPU
		{DAED071A-8E6D-48DA-8C8A-4B6777BA2FDC}.Release|Any CPU.ActiveCfg = Release|Any CPU
		{DAED071A-8E6D-48DA-8C8A-4B6777BA2FDC}.Release|Any CPU.Build.0 = Release|Any CPU
		{6450CFA7-41C2-40DA-BE78-BED4E7004A4D}.Debug|Any CPU.ActiveCfg = Debug|Any CPU
		{6450CFA7-41C2-40DA-BE78-BED4E7004A4D}.Debug|Any CPU.Build.0 = Debug|Any CPU
		{6450CFA7-41C2-40DA-BE78-BED4E7004A4D}.Release|Any CPU.ActiveCfg = Release|Any CPU
		{6450CFA7-41C2-40DA-BE78-BED4E7004A4D}.Release|Any CPU.Build.0 = Release|Any CPU
		{EF02C4C8-1852-42E1-9AEC-6CCD28644FB0}.Debug|Any CPU.ActiveCfg = Debug|Any CPU
		{EF02C4C8-1852-42E1-9AEC-6CCD28644FB0}.Debug|Any CPU.Build.0 = Debug|Any CPU
		{EF02C4C8-1852-42E1-9AEC-6CCD28644FB0}.Release|Any CPU.ActiveCfg = Release|Any CPU
		{EF02C4C8-1852-42E1-9AEC-6CCD28644FB0}.Release|Any CPU.Build.0 = Release|Any CPU
		{FF9F73BC-55B8-46CF-9C71-6FF0253ED808}.Debug|Any CPU.ActiveCfg = Debug|Any CPU
		{FF9F73BC-55B8-46CF-9C71-6FF0253ED808}.Debug|Any CPU.Build.0 = Debug|Any CPU
		{FF9F73BC-55B8-46CF-9C71-6FF0253ED808}.Release|Any CPU.ActiveCfg = Release|Any CPU
		{FF9F73BC-55B8-46CF-9C71-6FF0253ED808}.Release|Any CPU.Build.0 = Release|Any CPU
		{2A06DCE2-2260-42A4-8534-F3D3131D3712}.Debug|Any CPU.ActiveCfg = Debug|Any CPU
		{2A06DCE2-2260-42A4-8534-F3D3131D3712}.Debug|Any CPU.Build.0 = Debug|Any CPU
		{2A06DCE2-2260-42A4-8534-F3D3131D3712}.Release|Any CPU.ActiveCfg = Release|Any CPU
		{2A06DCE2-2260-42A4-8534-F3D3131D3712}.Release|Any CPU.Build.0 = Release|Any CPU
		{89F821E1-E335-41C9-92FA-3E6C483165B7}.Debug|Any CPU.ActiveCfg = Debug|Any CPU
		{89F821E1-E335-41C9-92FA-3E6C483165B7}.Debug|Any CPU.Build.0 = Debug|Any CPU
		{89F821E1-E335-41C9-92FA-3E6C483165B7}.Release|Any CPU.ActiveCfg = Release|Any CPU
		{89F821E1-E335-41C9-92FA-3E6C483165B7}.Release|Any CPU.Build.0 = Release|Any CPU
	EndGlobalSection
	GlobalSection(SolutionProperties) = preSolution
		HideSolutionNode = FALSE
	EndGlobalSection
	GlobalSection(ExtensibilityGlobals) = postSolution
		SolutionGuid = {273EF084-8AA2-45E9-B137-030B6F7AE6C3}
	EndGlobalSection
EndGlobal
