
Microsoft Visual Studio Solution File, Format Version 12.00
# Visual Studio 15
VisualStudioVersion = 15.0.28307.271
MinimumVisualStudioVersion = 10.0.40219.1
Project("{9A19103F-16F7-4668-BE54-9A1E7A4F7556}") = "WebAPITest", "WebAPITest\WebAPITest.csproj", "{B1FB44CC-96A5-40C8-B2F3-328B585694C9}"
EndProject
Project("{FAE04EC0-301F-11D3-BF4B-00C04F79EFBC}") = "Babai.Angular", "Angular\Babai.Angular.csproj", "{A93136DF-F48E-43D8-A13B-29A0F27334E5}"
EndProject
Project("{FAE04EC0-301F-11D3-BF4B-00C04F79EFBC}") = "Babai.CustomMiddleware", "EmptyCore\Babai.CustomMiddleware.csproj", "{DAED071A-8E6D-48DA-8C8A-4B6777BA2FDC}"
EndProject
Global
	GlobalSection(SolutionConfigurationPlatforms) = preSolution
		Debug|Any CPU = Debug|Any CPU
		Release|Any CPU = Release|Any CPU
	EndGlobalSection
	GlobalSection(ProjectConfigurationPlatforms) = postSolution
		{B1FB44CC-96A5-40C8-B2F3-328B585694C9}.Debug|Any CPU.ActiveCfg = Debug|Any CPU
		{B1FB44CC-96A5-40C8-B2F3-328B585694C9}.Debug|Any CPU.Build.0 = Debug|Any CPU
		{B1FB44CC-96A5-40C8-B2F3-328B585694C9}.Release|Any CPU.ActiveCfg = Release|Any CPU
		{B1FB44CC-96A5-40C8-B2F3-328B585694C9}.Release|Any CPU.Build.0 = Release|Any CPU
		{A93136DF-F48E-43D8-A13B-29A0F27334E5}.Debug|Any CPU.ActiveCfg = Debug|Any CPU
		{A93136DF-F48E-43D8-A13B-29A0F27334E5}.Debug|Any CPU.Build.0 = Debug|Any CPU
		{A93136DF-F48E-43D8-A13B-29A0F27334E5}.Release|Any CPU.ActiveCfg = Release|Any CPU
		{A93136DF-F48E-43D8-A13B-29A0F27334E5}.Release|Any CPU.Build.0 = Release|Any CPU
		{DAED071A-8E6D-48DA-8C8A-4B6777BA2FDC}.Debug|Any CPU.ActiveCfg = Debug|Any CPU
		{DAED071A-8E6D-48DA-8C8A-4B6777BA2FDC}.Debug|Any CPU.Build.0 = Debug|Any CPU
		{DAED071A-8E6D-48DA-8C8A-4B6777BA2FDC}.Release|Any CPU.ActiveCfg = Release|Any CPU
		{DAED071A-8E6D-48DA-8C8A-4B6777BA2FDC}.Release|Any CPU.Build.0 = Release|Any CPU
	EndGlobalSection
	GlobalSection(SolutionProperties) = preSolution
		HideSolutionNode = FALSE
	EndGlobalSection
	GlobalSection(ExtensibilityGlobals) = postSolution
		SolutionGuid = {273EF084-8AA2-45E9-B137-030B6F7AE6C3}
	EndGlobalSection
EndGlobal
